<?xml version="1.0" encoding="utf-8"?>
<Project ToolsVersion="4.0" xmlns="http://schemas.microsoft.com/developer/msbuild/2003">
  <ItemGroup>
    <Filter Include="소스 파일">
      <UniqueIdentifier>{4FC737F1-C7A5-4376-A066-2A32D752A2FF}</UniqueIdentifier>
      <Extensions>cpp;c;cc;cxx;c++;cppm;ixx;def;odl;idl;hpj;bat;asm;asmx</Extensions>
    </Filter>
    <Filter Include="헤더 파일">
      <UniqueIdentifier>{93995380-89BD-4b04-88EB-625FBE52EBFB}</UniqueIdentifier>
      <Extensions>h;hh;hpp;hxx;h++;hm;inl;inc;ipp;xsd</Extensions>
    </Filter>
    <Filter Include="리소스 파일">
      <UniqueIdentifier>{67DA6AB6-F800-4c08-8B7A-83BB121AAD01}</UniqueIdentifier>
      <Extensions>rc;ico;cur;bmp;dlg;rc2;rct;bin;rgs;gif;jpg;jpeg;jpe;resx;tiff;tif;png;wav;mfcribbon-ms</Extensions>
    </Filter>
  </ItemGroup>
  <ItemGroup>
    <ClCompile Include="SWEA_11285_다트게임.cpp">
      <Filter>소스 파일</Filter>
    </ClCompile>
    <ClCompile Include="SWEA_1989_초심자의회문검사.cpp">
      <Filter>소스 파일</Filter>
    </ClCompile>
    <ClCompile Include="SWEA_1206_View.cpp">
      <Filter>소스 파일</Filter>
    </ClCompile>
    <ClCompile Include="SWEA_12741_두전구.cpp">
      <Filter>소스 파일</Filter>
    </ClCompile>
    <ClCompile Include="SWEA_12368_24시간.cpp">
      <Filter>소스 파일</Filter>
    </ClCompile>
    <ClCompile Include="SWEA_1244_최대상금.cpp">
      <Filter>소스 파일</Filter>
    </ClCompile>
    <ClCompile Include="SWEA_1208_Flatten.cpp">
      <Filter>소스 파일</Filter>
    </ClCompile>
    <ClCompile Include="SWEA_1240_단순2진암호코드.cpp">
      <Filter>소스 파일</Filter>
    </ClCompile>
    <ClCompile Include="SWEA_10912_외로운문자.cpp">
      <Filter>소스 파일</Filter>
    </ClCompile>
    <ClCompile Include="SWEA_10966_물놀이를가자.cpp">
      <Filter>소스 파일</Filter>
    </ClCompile>
    <ClCompile Include="SWEA_1209_Sum.cpp">
      <Filter>소스 파일</Filter>
    </ClCompile>
    <ClCompile Include="SWEA_1215_회문1.cpp">
      <Filter>소스 파일</Filter>
    </ClCompile>
    <ClCompile Include="SWEA_1225_암호생성기.cpp">
      <Filter>소스 파일</Filter>
    </ClCompile>
    <ClCompile Include="SWEA_2805_농작물수확하기.cpp">
      <Filter>소스 파일</Filter>
    </ClCompile>
    <ClCompile Include="SWEA_1217_거듭제곱.cpp">
      <Filter>소스 파일</Filter>
    </ClCompile>
  </ItemGroup>
</Project>